github.com/dgrijalva/jwt-go v3.2.0+incompatible h1:7qlOGliEKZXTDg6OTjfoBKDXWrumCAMpl/TFQ4/5kLM=
github.com/dgrijalva/jwt-go v3.2.0+incompatible/go.mod h1:E3ru+11k8xSBh+hMPgOLZmtrrCbhqsmaPHjLKYnJCaQ=
github.com/gomarkdown/markdown v0.0.0-20210918233619-6c1113f12c4a h1:syEwbl3pF5Y1mnIStrPwqd50vNU1AAKuAy8HFCPAgUc=
github.com/gomarkdown/markdown v0.0.0-20210918233619-6c1113f12c4a/go.mod h1:JDGcbDT52eL4fju3sZ4TeHGsQwhG9nbDV21aMyhwPoA=
